
Microsoft Visual Studio Solution File, Format Version 12.00
# Visual Studio Version 17
VisualStudioVersion = 17.0.31903.59
MinimumVisualStudioVersion = 10.0.40219.1
Project("{FAE04EC0-301F-11D3-BF4B-00C04F79EFBC}") = "SprinklerAttachments", "SprinklerAttachments\SprinklerAttachments.csproj", "{FD7CAA9B-5205-402C-8190-A4DB022BC681}"
EndProject
Project("{FAE04EC0-301F-11D3-BF4B-00C04F79EFBC}") = "FullInventoryToolbar", "FullInventoryToolbar\FullInventoryToolbar.csproj", "{76B91146-15EA-447A-A39F-6BB0A1388046}"
EndProject
Project("{FAE04EC0-301F-11D3-BF4B-00C04F79EFBC}") = "SpecialOrderNotifications", "SpecialOrderNotifications\SpecialOrderNotifications.csproj", "{9C5EC529-6DE2-4339-BE0A-A1093C591D46}"
EndProject
Project("{FAE04EC0-301F-11D3-BF4B-00C04F79EFBC}") = "MoreVisibleCaskRarity", "MoreVisibleCaskRarity\MoreVisibleCaskRarity.csproj", "{4C2DDA44-CAAD-4772-8AD0-AE282FA1F732}"
EndProject
Project("{FAE04EC0-301F-11D3-BF4B-00C04F79EFBC}") = "ScytheToolEnchantments", "ScytheToolEnchantments\ScytheToolEnchantments.csproj", "{AC4868C7-DDC4-4F06-8DEA-7BB95E6F99C2}"
EndProject
Project("{FAE04EC0-301F-11D3-BF4B-00C04F79EFBC}") = "MatoTweaks", "MatoTweaks\MatoTweaks.csproj", "{7B73EFB1-776A-4AAB-892E-8688B0DBB286}"
EndProject
Project("{FAE04EC0-301F-11D3-BF4B-00C04F79EFBC}") = "CarpenterAutobuy", "CarpenterAutobuy\CarpenterAutobuy.csproj", "{08EC8C64-AB13-448B-AFAA-5B9A499E31EB}"
EndProject
Project("{FAE04EC0-301F-11D3-BF4B-00C04F79EFBC}") = "FishZones", "FishZones\FishZones.csproj", "{4C6BE848-7308-4AFE-A70C-9A8011D214B7}"
EndProject
Project("{FAE04EC0-301F-11D3-BF4B-00C04F79EFBC}") = "FixFarmhouseX49Y19", "FixFarmhouseX49Y19\FixFarmhouseX49Y19.csproj", "{09E4F963-5522-4A1C-B84D-0B4D6B39B4BC}"
EndProject
Global
	GlobalSection(SolutionConfigurationPlatforms) = preSolution
		Debug|Any CPU = Debug|Any CPU
		Debug|x64 = Debug|x64
		Debug|x86 = Debug|x86
		Release|Any CPU = Release|Any CPU
		Release|x64 = Release|x64
		Release|x86 = Release|x86
	EndGlobalSection
	GlobalSection(ProjectConfigurationPlatforms) = postSolution
		{FD7CAA9B-5205-402C-8190-A4DB022BC681}.Debug|Any CPU.ActiveCfg = Debug|Any CPU
		{FD7CAA9B-5205-402C-8190-A4DB022BC681}.Debug|Any CPU.Build.0 = Debug|Any CPU
		{FD7CAA9B-5205-402C-8190-A4DB022BC681}.Debug|x64.ActiveCfg = Debug|Any CPU
		{FD7CAA9B-5205-402C-8190-A4DB022BC681}.Debug|x64.Build.0 = Debug|Any CPU
		{FD7CAA9B-5205-402C-8190-A4DB022BC681}.Debug|x86.ActiveCfg = Debug|Any CPU
		{FD7CAA9B-5205-402C-8190-A4DB022BC681}.Debug|x86.Build.0 = Debug|Any CPU
		{FD7CAA9B-5205-402C-8190-A4DB022BC681}.Release|Any CPU.ActiveCfg = Release|Any CPU
		{FD7CAA9B-5205-402C-8190-A4DB022BC681}.Release|Any CPU.Build.0 = Release|Any CPU
		{FD7CAA9B-5205-402C-8190-A4DB022BC681}.Release|x64.ActiveCfg = Release|Any CPU
		{FD7CAA9B-5205-402C-8190-A4DB022BC681}.Release|x64.Build.0 = Release|Any CPU
		{FD7CAA9B-5205-402C-8190-A4DB022BC681}.Release|x86.ActiveCfg = Release|Any CPU
		{FD7CAA9B-5205-402C-8190-A4DB022BC681}.Release|x86.Build.0 = Release|Any CPU
		{76B91146-15EA-447A-A39F-6BB0A1388046}.Debug|Any CPU.ActiveCfg = Debug|Any CPU
		{76B91146-15EA-447A-A39F-6BB0A1388046}.Debug|Any CPU.Build.0 = Debug|Any CPU
		{76B91146-15EA-447A-A39F-6BB0A1388046}.Debug|x64.ActiveCfg = Debug|Any CPU
		{76B91146-15EA-447A-A39F-6BB0A1388046}.Debug|x64.Build.0 = Debug|Any CPU
		{76B91146-15EA-447A-A39F-6BB0A1388046}.Debug|x86.ActiveCfg = Debug|Any CPU
		{76B91146-15EA-447A-A39F-6BB0A1388046}.Debug|x86.Build.0 = Debug|Any CPU
		{76B91146-15EA-447A-A39F-6BB0A1388046}.Release|Any CPU.ActiveCfg = Release|Any CPU
		{76B91146-15EA-447A-A39F-6BB0A1388046}.Release|Any CPU.Build.0 = Release|Any CPU
		{76B91146-15EA-447A-A39F-6BB0A1388046}.Release|x64.ActiveCfg = Release|Any CPU
		{76B91146-15EA-447A-A39F-6BB0A1388046}.Release|x64.Build.0 = Release|Any CPU
		{76B91146-15EA-447A-A39F-6BB0A1388046}.Release|x86.ActiveCfg = Release|Any CPU
		{76B91146-15EA-447A-A39F-6BB0A1388046}.Release|x86.Build.0 = Release|Any CPU
		{9C5EC529-6DE2-4339-BE0A-A1093C591D46}.Debug|Any CPU.ActiveCfg = Debug|Any CPU
		{9C5EC529-6DE2-4339-BE0A-A1093C591D46}.Debug|Any CPU.Build.0 = Debug|Any CPU
		{9C5EC529-6DE2-4339-BE0A-A1093C591D46}.Debug|x64.ActiveCfg = Debug|Any CPU
		{9C5EC529-6DE2-4339-BE0A-A1093C591D46}.Debug|x64.Build.0 = Debug|Any CPU
		{9C5EC529-6DE2-4339-BE0A-A1093C591D46}.Debug|x86.ActiveCfg = Debug|Any CPU
		{9C5EC529-6DE2-4339-BE0A-A1093C591D46}.Debug|x86.Build.0 = Debug|Any CPU
		{9C5EC529-6DE2-4339-BE0A-A1093C591D46}.Release|Any CPU.ActiveCfg = Release|Any CPU
		{9C5EC529-6DE2-4339-BE0A-A1093C591D46}.Release|Any CPU.Build.0 = Release|Any CPU
		{9C5EC529-6DE2-4339-BE0A-A1093C591D46}.Release|x64.ActiveCfg = Release|Any CPU
		{9C5EC529-6DE2-4339-BE0A-A1093C591D46}.Release|x64.Build.0 = Release|Any CPU
		{9C5EC529-6DE2-4339-BE0A-A1093C591D46}.Release|x86.ActiveCfg = Release|Any CPU
		{9C5EC529-6DE2-4339-BE0A-A1093C591D46}.Release|x86.Build.0 = Release|Any CPU
		{4C2DDA44-CAAD-4772-8AD0-AE282FA1F732}.Debug|Any CPU.ActiveCfg = Debug|Any CPU
		{4C2DDA44-CAAD-4772-8AD0-AE282FA1F732}.Debug|Any CPU.Build.0 = Debug|Any CPU
		{4C2DDA44-CAAD-4772-8AD0-AE282FA1F732}.Debug|x64.ActiveCfg = Debug|Any CPU
		{4C2DDA44-CAAD-4772-8AD0-AE282FA1F732}.Debug|x64.Build.0 = Debug|Any CPU
		{4C2DDA44-CAAD-4772-8AD0-AE282FA1F732}.Debug|x86.ActiveCfg = Debug|Any CPU
		{4C2DDA44-CAAD-4772-8AD0-AE282FA1F732}.Debug|x86.Build.0 = Debug|Any CPU
		{4C2DDA44-CAAD-4772-8AD0-AE282FA1F732}.Release|Any CPU.ActiveCfg = Release|Any CPU
		{4C2DDA44-CAAD-4772-8AD0-AE282FA1F732}.Release|Any CPU.Build.0 = Release|Any CPU
		{4C2DDA44-CAAD-4772-8AD0-AE282FA1F732}.Release|x64.ActiveCfg = Release|Any CPU
		{4C2DDA44-CAAD-4772-8AD0-AE282FA1F732}.Release|x64.Build.0 = Release|Any CPU
		{4C2DDA44-CAAD-4772-8AD0-AE282FA1F732}.Release|x86.ActiveCfg = Release|Any CPU
		{4C2DDA44-CAAD-4772-8AD0-AE282FA1F732}.Release|x86.Build.0 = Release|Any CPU
		{AC4868C7-DDC4-4F06-8DEA-7BB95E6F99C2}.Debug|Any CPU.ActiveCfg = Debug|Any CPU
		{AC4868C7-DDC4-4F06-8DEA-7BB95E6F99C2}.Debug|Any CPU.Build.0 = Debug|Any CPU
		{AC4868C7-DDC4-4F06-8DEA-7BB95E6F99C2}.Debug|x64.ActiveCfg = Debug|Any CPU
		{AC4868C7-DDC4-4F06-8DEA-7BB95E6F99C2}.Debug|x64.Build.0 = Debug|Any CPU
		{AC4868C7-DDC4-4F06-8DEA-7BB95E6F99C2}.Debug|x86.ActiveCfg = Debug|Any CPU
		{AC4868C7-DDC4-4F06-8DEA-7BB95E6F99C2}.Debug|x86.Build.0 = Debug|Any CPU
		{AC4868C7-DDC4-4F06-8DEA-7BB95E6F99C2}.Release|Any CPU.ActiveCfg = Release|Any CPU
		{AC4868C7-DDC4-4F06-8DEA-7BB95E6F99C2}.Release|Any CPU.Build.0 = Release|Any CPU
		{AC4868C7-DDC4-4F06-8DEA-7BB95E6F99C2}.Release|x64.ActiveCfg = Release|Any CPU
		{AC4868C7-DDC4-4F06-8DEA-7BB95E6F99C2}.Release|x64.Build.0 = Release|Any CPU
		{AC4868C7-DDC4-4F06-8DEA-7BB95E6F99C2}.Release|x86.ActiveCfg = Release|Any CPU
		{AC4868C7-DDC4-4F06-8DEA-7BB95E6F99C2}.Release|x86.Build.0 = Release|Any CPU
		{7B73EFB1-776A-4AAB-892E-8688B0DBB286}.Debug|Any CPU.ActiveCfg = Debug|Any CPU
		{7B73EFB1-776A-4AAB-892E-8688B0DBB286}.Debug|Any CPU.Build.0 = Debug|Any CPU
		{7B73EFB1-776A-4AAB-892E-8688B0DBB286}.Debug|x64.ActiveCfg = Debug|Any CPU
		{7B73EFB1-776A-4AAB-892E-8688B0DBB286}.Debug|x64.Build.0 = Debug|Any CPU
		{7B73EFB1-776A-4AAB-892E-8688B0DBB286}.Debug|x86.ActiveCfg = Debug|Any CPU
		{7B73EFB1-776A-4AAB-892E-8688B0DBB286}.Debug|x86.Build.0 = Debug|Any CPU
		{7B73EFB1-776A-4AAB-892E-8688B0DBB286}.Release|Any CPU.ActiveCfg = Release|Any CPU
		{7B73EFB1-776A-4AAB-892E-8688B0DBB286}.Release|Any CPU.Build.0 = Release|Any CPU
		{7B73EFB1-776A-4AAB-892E-8688B0DBB286}.Release|x64.ActiveCfg = Release|Any CPU
		{7B73EFB1-776A-4AAB-892E-8688B0DBB286}.Release|x64.Build.0 = Release|Any CPU
		{7B73EFB1-776A-4AAB-892E-8688B0DBB286}.Release|x86.ActiveCfg = Release|Any CPU
		{7B73EFB1-776A-4AAB-892E-8688B0DBB286}.Release|x86.Build.0 = Release|Any CPU
		{08EC8C64-AB13-448B-AFAA-5B9A499E31EB}.Debug|Any CPU.ActiveCfg = Debug|Any CPU
		{08EC8C64-AB13-448B-AFAA-5B9A499E31EB}.Debug|Any CPU.Build.0 = Debug|Any CPU
		{08EC8C64-AB13-448B-AFAA-5B9A499E31EB}.Debug|x64.ActiveCfg = Debug|Any CPU
		{08EC8C64-AB13-448B-AFAA-5B9A499E31EB}.Debug|x64.Build.0 = Debug|Any CPU
		{08EC8C64-AB13-448B-AFAA-5B9A499E31EB}.Debug|x86.ActiveCfg = Debug|Any CPU
		{08EC8C64-AB13-448B-AFAA-5B9A499E31EB}.Debug|x86.Build.0 = Debug|Any CPU
		{08EC8C64-AB13-448B-AFAA-5B9A499E31EB}.Release|Any CPU.ActiveCfg = Release|Any CPU
		{08EC8C64-AB13-448B-AFAA-5B9A499E31EB}.Release|Any CPU.Build.0 = Release|Any CPU
		{08EC8C64-AB13-448B-AFAA-5B9A499E31EB}.Release|x64.ActiveCfg = Release|Any CPU
		{08EC8C64-AB13-448B-AFAA-5B9A499E31EB}.Release|x64.Build.0 = Release|Any CPU
		{08EC8C64-AB13-448B-AFAA-5B9A499E31EB}.Release|x86.ActiveCfg = Release|Any CPU
		{08EC8C64-AB13-448B-AFAA-5B9A499E31EB}.Release|x86.Build.0 = Release|Any CPU
		{4C6BE848-7308-4AFE-A70C-9A8011D214B7}.Debug|Any CPU.ActiveCfg = Debug|Any CPU
		{4C6BE848-7308-4AFE-A70C-9A8011D214B7}.Debug|Any CPU.Build.0 = Debug|Any CPU
		{4C6BE848-7308-4AFE-A70C-9A8011D214B7}.Debug|x64.ActiveCfg = Debug|Any CPU
		{4C6BE848-7308-4AFE-A70C-9A8011D214B7}.Debug|x64.Build.0 = Debug|Any CPU
		{4C6BE848-7308-4AFE-A70C-9A8011D214B7}.Debug|x86.ActiveCfg = Debug|Any CPU
		{4C6BE848-7308-4AFE-A70C-9A8011D214B7}.Debug|x86.Build.0 = Debug|Any CPU
		{4C6BE848-7308-4AFE-A70C-9A8011D214B7}.Release|Any CPU.ActiveCfg = Release|Any CPU
		{4C6BE848-7308-4AFE-A70C-9A8011D214B7}.Release|Any CPU.Build.0 = Release|Any CPU
		{4C6BE848-7308-4AFE-A70C-9A8011D214B7}.Release|x64.ActiveCfg = Release|Any CPU
		{4C6BE848-7308-4AFE-A70C-9A8011D214B7}.Release|x64.Build.0 = Release|Any CPU
		{4C6BE848-7308-4AFE-A70C-9A8011D214B7}.Release|x86.ActiveCfg = Release|Any CPU
		{4C6BE848-7308-4AFE-A70C-9A8011D214B7}.Release|x86.Build.0 = Release|Any CPU
		{09E4F963-5522-4A1C-B84D-0B4D6B39B4BC}.Debug|Any CPU.ActiveCfg = Debug|Any CPU
		{09E4F963-5522-4A1C-B84D-0B4D6B39B4BC}.Debug|Any CPU.Build.0 = Debug|Any CPU
		{09E4F963-5522-4A1C-B84D-0B4D6B39B4BC}.Debug|x64.ActiveCfg = Debug|Any CPU
		{09E4F963-5522-4A1C-B84D-0B4D6B39B4BC}.Debug|x64.Build.0 = Debug|Any CPU
		{09E4F963-5522-4A1C-B84D-0B4D6B39B4BC}.Debug|x86.ActiveCfg = Debug|Any CPU
		{09E4F963-5522-4A1C-B84D-0B4D6B39B4BC}.Debug|x86.Build.0 = Debug|Any CPU
		{09E4F963-5522-4A1C-B84D-0B4D6B39B4BC}.Release|Any CPU.ActiveCfg = Release|Any CPU
		{09E4F963-5522-4A1C-B84D-0B4D6B39B4BC}.Release|Any CPU.Build.0 = Release|Any CPU
		{09E4F963-5522-4A1C-B84D-0B4D6B39B4BC}.Release|x64.ActiveCfg = Release|Any CPU
		{09E4F963-5522-4A1C-B84D-0B4D6B39B4BC}.Release|x64.Build.0 = Release|Any CPU
		{09E4F963-5522-4A1C-B84D-0B4D6B39B4BC}.Release|x86.ActiveCfg = Release|Any CPU
		{09E4F963-5522-4A1C-B84D-0B4D6B39B4BC}.Release|x86.Build.0 = Release|Any CPU
	EndGlobalSection
	GlobalSection(SolutionProperties) = preSolution
		HideSolutionNode = FALSE
	EndGlobalSection
EndGlobal
