
Microsoft Visual Studio Solution File, Format Version 12.00
# Visual Studio Version 17
VisualStudioVersion = 17.0.31903.59
MinimumVisualStudioVersion = 10.0.40219.1
Project("{FAE04EC0-301F-11D3-BF4B-00C04F79EFBC}") = "SprinklerAttachments", "SprinklerAttachments\SprinklerAttachments.csproj", "{FD7CAA9B-5205-402C-8190-A4DB022BC681}"
EndProject
Project("{FAE04EC0-301F-11D3-BF4B-00C04F79EFBC}") = "FullInventoryToolbar", "FullInventoryToolbar\FullInventoryToolbar.csproj", "{76B91146-15EA-447A-A39F-6BB0A1388046}"
EndProject
Project("{FAE04EC0-301F-11D3-BF4B-00C04F79EFBC}") = "SpecialOrderNotifications", "SpecialOrderNotifications\SpecialOrderNotifications.csproj", "{9C5EC529-6DE2-4339-BE0A-A1093C591D46}"
EndProject
Project("{FAE04EC0-301F-11D3-BF4B-00C04F79EFBC}") = "MoreVisibleCaskRarity", "MoreVisibleCaskRarity\MoreVisibleCaskRarity.csproj", "{4C2DDA44-CAAD-4772-8AD0-AE282FA1F732}"
EndProject
Project("{FAE04EC0-301F-11D3-BF4B-00C04F79EFBC}") = "ScytheToolEnchantments", "ScytheToolEnchantments\ScytheToolEnchantments.csproj", "{AC4868C7-DDC4-4F06-8DEA-7BB95E6F99C2}"
EndProject
Project("{FAE04EC0-301F-11D3-BF4B-00C04F79EFBC}") = "MiscTweaks", "MiscTweaks\MiscTweaks.csproj", "{E067A665-52E1-424E-BD51-826AB892ED26}"
EndProject
Project("{FAE04EC0-301F-11D3-BF4B-00C04F79EFBC}") = "MachineControlPanel", "MachineControlPanel\MachineControlPanel.csproj", "{1FDE4431-768F-4E33-B112-6B7D85630FAF}"
EndProject
Global
	GlobalSection(SolutionConfigurationPlatforms) = preSolution
		Debug|Any CPU = Debug|Any CPU
		Release|Any CPU = Release|Any CPU
	EndGlobalSection
	GlobalSection(ProjectConfigurationPlatforms) = postSolution
		{FD7CAA9B-5205-402C-8190-A4DB022BC681}.Debug|Any CPU.ActiveCfg = Debug|Any CPU
		{FD7CAA9B-5205-402C-8190-A4DB022BC681}.Debug|Any CPU.Build.0 = Debug|Any CPU
		{FD7CAA9B-5205-402C-8190-A4DB022BC681}.Release|Any CPU.ActiveCfg = Release|Any CPU
		{FD7CAA9B-5205-402C-8190-A4DB022BC681}.Release|Any CPU.Build.0 = Release|Any CPU
		{76B91146-15EA-447A-A39F-6BB0A1388046}.Debug|Any CPU.ActiveCfg = Debug|Any CPU
		{76B91146-15EA-447A-A39F-6BB0A1388046}.Debug|Any CPU.Build.0 = Debug|Any CPU
		{76B91146-15EA-447A-A39F-6BB0A1388046}.Release|Any CPU.ActiveCfg = Release|Any CPU
		{76B91146-15EA-447A-A39F-6BB0A1388046}.Release|Any CPU.Build.0 = Release|Any CPU
		{9C5EC529-6DE2-4339-BE0A-A1093C591D46}.Debug|Any CPU.ActiveCfg = Debug|Any CPU
		{9C5EC529-6DE2-4339-BE0A-A1093C591D46}.Debug|Any CPU.Build.0 = Debug|Any CPU
		{9C5EC529-6DE2-4339-BE0A-A1093C591D46}.Release|Any CPU.ActiveCfg = Release|Any CPU
		{9C5EC529-6DE2-4339-BE0A-A1093C591D46}.Release|Any CPU.Build.0 = Release|Any CPU
		{4C2DDA44-CAAD-4772-8AD0-AE282FA1F732}.Debug|Any CPU.ActiveCfg = Debug|Any CPU
		{4C2DDA44-CAAD-4772-8AD0-AE282FA1F732}.Debug|Any CPU.Build.0 = Debug|Any CPU
		{4C2DDA44-CAAD-4772-8AD0-AE282FA1F732}.Release|Any CPU.ActiveCfg = Release|Any CPU
		{4C2DDA44-CAAD-4772-8AD0-AE282FA1F732}.Release|Any CPU.Build.0 = Release|Any CPU
		{AC4868C7-DDC4-4F06-8DEA-7BB95E6F99C2}.Debug|Any CPU.ActiveCfg = Debug|Any CPU
		{AC4868C7-DDC4-4F06-8DEA-7BB95E6F99C2}.Debug|Any CPU.Build.0 = Debug|Any CPU
		{AC4868C7-DDC4-4F06-8DEA-7BB95E6F99C2}.Release|Any CPU.ActiveCfg = Release|Any CPU
		{AC4868C7-DDC4-4F06-8DEA-7BB95E6F99C2}.Release|Any CPU.Build.0 = Release|Any CPU
		{E067A665-52E1-424E-BD51-826AB892ED26}.Debug|Any CPU.ActiveCfg = Debug|Any CPU
		{E067A665-52E1-424E-BD51-826AB892ED26}.Debug|Any CPU.Build.0 = Debug|Any CPU
		{E067A665-52E1-424E-BD51-826AB892ED26}.Release|Any CPU.ActiveCfg = Release|Any CPU
		{E067A665-52E1-424E-BD51-826AB892ED26}.Release|Any CPU.Build.0 = Release|Any CPU
		{1FDE4431-768F-4E33-B112-6B7D85630FAF}.Debug|Any CPU.ActiveCfg = Debug|Any CPU
		{1FDE4431-768F-4E33-B112-6B7D85630FAF}.Debug|Any CPU.Build.0 = Debug|Any CPU
		{1FDE4431-768F-4E33-B112-6B7D85630FAF}.Release|Any CPU.ActiveCfg = Release|Any CPU
		{1FDE4431-768F-4E33-B112-6B7D85630FAF}.Release|Any CPU.Build.0 = Release|Any CPU
	EndGlobalSection
	GlobalSection(SolutionProperties) = preSolution
		HideSolutionNode = FALSE
	EndGlobalSection
EndGlobal
